# THIS IS AN AUTOGENERATED FILE. DO NOT EDIT THIS FILE DIRECTLY.
# yarn lockfile v1


"@openzeppelin/contracts@^4.9.0":
  version "4.9.0"
  resolved "https://registry.yarnpkg.com/@openzeppelin/contracts/-/contracts-4.9.0.tgz#683f33b6598970051bc5f0806fd8660da9e018dd"
  integrity sha512-DUP74AFGKlic2sQb/CmgrN2aUPMFGxRrmCTUxLHsiU2RzwWqVuMPZBxiAyvlff6Pea77uylAX6B5x9W6evEbhA==
